
Microsoft Visual Studio Solution File, Format Version 12.00
# Visual Studio Version 16
VisualStudioVersion = 16.0.29709.97
MinimumVisualStudioVersion = 10.0.40219.1
Project("{8BC9CEB8-8B4A-11D0-8D11-00A0C91BC942}") = "TaskManagerEditor", "..\..\TaskManagerEditor\project\vs-2019\TaskManagerEditor\TaskManagerEditor.vcxproj", "{82C7650A-04B2-489C-9BEC-785887E19EB4}"
	ProjectSection(ProjectDependencies) = postProject
		{6BB9D1A6-6E03-47B0-ACCD-2D8D3DDE8538} = {6BB9D1A6-6E03-47B0-ACCD-2D8D3DDE8538}
	EndProjectSection
EndProject
Project("{8BC9CEB8-8B4A-11D0-8D11-00A0C91BC942}") = "TaskManagerTool", "..\..\TaskManagerTool\project\vs-2019\TaskManagerTool.vcxproj", "{6BB9D1A6-6E03-47B0-ACCD-2D8D3DDE8538}"
EndProject
Global
	GlobalSection(SolutionConfigurationPlatforms) = preSolution
		Debug|x64 = Debug|x64
		Release|x64 = Release|x64
	EndGlobalSection
	GlobalSection(ProjectConfigurationPlatforms) = postSolution
		{82C7650A-04B2-489C-9BEC-785887E19EB4}.Debug|x64.ActiveCfg = Debug|x64
		{82C7650A-04B2-489C-9BEC-785887E19EB4}.Debug|x64.Build.0 = Debug|x64
		{82C7650A-04B2-489C-9BEC-785887E19EB4}.Release|x64.ActiveCfg = Release|x64
		{82C7650A-04B2-489C-9BEC-785887E19EB4}.Release|x64.Build.0 = Release|x64
		{6BB9D1A6-6E03-47B0-ACCD-2D8D3DDE8538}.Debug|x64.ActiveCfg = Debug|x64
		{6BB9D1A6-6E03-47B0-ACCD-2D8D3DDE8538}.Debug|x64.Build.0 = Debug|x64
		{6BB9D1A6-6E03-47B0-ACCD-2D8D3DDE8538}.Release|x64.ActiveCfg = Release|x64
		{6BB9D1A6-6E03-47B0-ACCD-2D8D3DDE8538}.Release|x64.Build.0 = Release|x64
	EndGlobalSection
	GlobalSection(SolutionProperties) = preSolution
		HideSolutionNode = FALSE
	EndGlobalSection
	GlobalSection(ExtensibilityGlobals) = postSolution
		SolutionGuid = {480A586E-7BE6-4C37-83C8-65A2986D13A7}
	EndGlobalSection
EndGlobal
